
Microsoft Visual Studio Solution File, Format Version 12.00
# Visual Studio Version 17
VisualStudioVersion = 17.7.34024.191
MinimumVisualStudioVersion = 10.0.40219.1
Project("{F184B08F-C81C-45F6-A57F-5ABD9991F28F}") = "PFrmDmvt2", "PFrmDmvt2.vbproj", "{2020078B-B7BC-4637-8E6C-180B2D4DDA6D}"
EndProject
Global
	GlobalSection(SolutionConfigurationPlatforms) = preSolution
		Debug|Any CPU = Debug|Any CPU
		Release|Any CPU = Release|Any CPU
	EndGlobalSection
	GlobalSection(ProjectConfigurationPlatforms) = postSolution
		{2020078B-B7BC-4637-8E6C-180B2D4DDA6D}.Debug|Any CPU.ActiveCfg = Debug|Any CPU
		{2020078B-B7BC-4637-8E6C-180B2D4DDA6D}.Debug|Any CPU.Build.0 = Debug|Any CPU
		{2020078B-B7BC-4637-8E6C-180B2D4DDA6D}.Release|Any CPU.ActiveCfg = Release|Any CPU
		{2020078B-B7BC-4637-8E6C-180B2D4DDA6D}.Release|Any CPU.Build.0 = Release|Any CPU
	EndGlobalSection
	GlobalSection(SolutionProperties) = preSolution
		HideSolutionNode = FALSE
	EndGlobalSection
	GlobalSection(ExtensibilityGlobals) = postSolution
		SolutionGuid = {30F16EBB-4ADB-4984-89DA-5448EE503724}
	EndGlobalSection
EndGlobal
